
Microsoft Visual Studio Solution File, Format Version 12.00
# Visual Studio Version 17
VisualStudioVersion = 17.11.35017.193
MinimumVisualStudioVersion = 10.0.40219.1
Project("{2150E333-8FDC-42A3-9474-1A3956D46DE8}") = "Storage", "Storage", "{6AFD30F3-467A-4EFD-9051-E8A42D9EF9D2}"
	ProjectSection(SolutionItems) = preProject
		Storage\Directory.Build.props = Storage\Directory.Build.props
		Storage\Directory.Packages.props = Storage\Directory.Packages.props
	EndProjectSection
EndProject
Project("{2150E333-8FDC-42A3-9474-1A3956D46DE8}") = "Workflow", "Workflow", "{BD059454-F788-4D29-A24C-DED3DBBE48A7}"
	ProjectSection(SolutionItems) = preProject
		Workflow\Directory.Build.props = Workflow\Directory.Build.props
		Workflow\Directory.Packages.props = Workflow\Directory.Packages.props
	EndProjectSection
EndProject
Project("{2150E333-8FDC-42A3-9474-1A3956D46DE8}") = "src", "src", "{82FFAFCF-946F-44C1-8D93-36F4F3A4C8D2}"
EndProject
Project("{2150E333-8FDC-42A3-9474-1A3956D46DE8}") = "test", "test", "{CF208E03-D3ED-47CD-81D1-CFEE0162F85B}"
EndProject
Project("{2150E333-8FDC-42A3-9474-1A3956D46DE8}") = ".reference", ".reference", "{CB37662C-F32D-4805-91AB-059E9E4456E7}"
	ProjectSection(SolutionItems) = preProject
		Directory.Build.props = Directory.Build.props
		Directory.Packages.props = Directory.Packages.props
		..\global.json = ..\global.json
		..\.github\workflows\pull-request.yml = ..\.github\workflows\pull-request.yml
		..\README.md = ..\README.md
		..\.github\workflows\release.yml = ..\.github\workflows\release.yml
	EndProjectSection
EndProject
Project("{9A19103F-16F7-4668-BE54-9A1E7A4F7556}") = "Abstractions", "Workflow\src\Abstractions\Abstractions.csproj", "{EE58B370-3F24-4AD0-B34E-EC3505081027}"
EndProject
Project("{9A19103F-16F7-4668-BE54-9A1E7A4F7556}") = "Core", "Workflow\src\Core\Core.csproj", "{A2AAAE43-710A-4554-AFA4-57D0C63DE693}"
EndProject
Project("{9A19103F-16F7-4668-BE54-9A1E7A4F7556}") = "Testing", "Workflow\src\Testing\Testing.csproj", "{B349CF1C-3886-4D4D-A9F0-370ADF2E451A}"
EndProject
Project("{9A19103F-16F7-4668-BE54-9A1E7A4F7556}") = "Core.Tests", "Workflow\test\Core.Tests\Core.Tests.csproj", "{BAABA0A7-A176-47FD-81F9-8A9B2303F538}"
EndProject
Project("{2150E333-8FDC-42A3-9474-1A3956D46DE8}") = "src", "src", "{2C9204B1-7A56-4C1F-AC60-D8154F00B26E}"
EndProject
Project("{2150E333-8FDC-42A3-9474-1A3956D46DE8}") = "test", "test", "{B852F816-469B-4711-97B5-407C7869C845}"
EndProject
Project("{2150E333-8FDC-42A3-9474-1A3956D46DE8}") = "Bus", "Bus", "{C947BB7E-1F11-4CB6-9B8C-91EECD87A245}"
	ProjectSection(SolutionItems) = preProject
		Bus\Directory.Build.props = Bus\Directory.Build.props
		Bus\Directory.Packages.props = Bus\Directory.Packages.props
	EndProjectSection
EndProject
Project("{2150E333-8FDC-42A3-9474-1A3956D46DE8}") = "src", "src", "{DF661BCC-8A7A-46AE-B1EB-F7309687C0C2}"
EndProject
Project("{9A19103F-16F7-4668-BE54-9A1E7A4F7556}") = "AzureServiceBus", "Bus\src\AzureServiceBus\AzureServiceBus.csproj", "{53BCB89B-346E-4E7A-A7E4-2C837319D19F}"
EndProject
Project("{2150E333-8FDC-42A3-9474-1A3956D46DE8}") = ".sample", ".sample", "{2F27DBEC-E6F8-401A-80CE-185FC1655143}"
EndProject
Project("{9A19103F-16F7-4668-BE54-9A1E7A4F7556}") = "Sample", ".sample\Sample\Sample.csproj", "{823FF4D0-FD8C-44CD-951F-4F0F5A486CB6}"
EndProject
Project("{9A19103F-16F7-4668-BE54-9A1E7A4F7556}") = "Bus.AzureQueueStorage", "Workflow\src\Bus.AzureQueueStorage\Bus.AzureQueueStorage.csproj", "{1C317B83-6661-4EA7-8EE9-C056019EF289}"
EndProject
Project("{9A19103F-16F7-4668-BE54-9A1E7A4F7556}") = "Bus.InMemory", "Workflow\src\Bus.InMemory\Bus.InMemory.csproj", "{A765244B-A1FA-4C97-9F69-776DF937AE82}"
EndProject
Project("{9A19103F-16F7-4668-BE54-9A1E7A4F7556}") = "Storage.InMemory", "Workflow\src\Storage.InMemory\Storage.InMemory.csproj", "{2B7F0D10-9BB2-4205-80FF-9D171E15A242}"
EndProject
Project("{9A19103F-16F7-4668-BE54-9A1E7A4F7556}") = "Storage.MongoDB", "Workflow\src\Storage.MongoDB\Storage.MongoDB.csproj", "{25AB1D2B-213E-4D06-AF08-C721C331A851}"
EndProject
Project("{9A19103F-16F7-4668-BE54-9A1E7A4F7556}") = "Storage.MongoDB.Tests", "Workflow\test\Storage.MongoDB.Tests\Storage.MongoDB.Tests.csproj", "{0AE98558-BF97-46FB-939A-554F12859E47}"
EndProject
Project("{2150E333-8FDC-42A3-9474-1A3956D46DE8}") = "test", "test", "{C25FDE7D-D1C7-425C-8AC2-755A7DAAD569}"
EndProject
Project("{2150E333-8FDC-42A3-9474-1A3956D46DE8}") = "Core", "Core", "{D03A10AE-4BD8-4650-8FDE-6BD8F397EB6D}"
EndProject
Project("{2150E333-8FDC-42A3-9474-1A3956D46DE8}") = "src", "src", "{385B3DD5-2D87-44BE-BA2E-AFC084584070}"
EndProject
Project("{FAE04EC0-301F-11D3-BF4B-00C04F79EFBC}") = "Core", "Core\src\Core\Core.csproj", "{C192F844-8DE1-451B-95C3-BCE04D32DC83}"
EndProject
Project("{FAE04EC0-301F-11D3-BF4B-00C04F79EFBC}") = "InMemory", "Core\src\InMemory\InMemory.csproj", "{5C5F9B2E-896F-447D-A9AD-17B42FE4F4B5}"
EndProject
Project("{2150E333-8FDC-42A3-9474-1A3956D46DE8}") = "test", "test", "{0EA5686F-F15A-4F94-AE5F-5360816BB2CE}"
EndProject
Project("{FAE04EC0-301F-11D3-BF4B-00C04F79EFBC}") = "InMemory.Tests", "Core\test\InMemory.Tests\InMemory.Tests.csproj", "{2CEAA77B-9CBC-43B3-80AE-38EEC7E51CE6}"
EndProject
Global
	GlobalSection(SolutionConfigurationPlatforms) = preSolution
		Debug|Any CPU = Debug|Any CPU
		Release|Any CPU = Release|Any CPU
	EndGlobalSection
	GlobalSection(ProjectConfigurationPlatforms) = postSolution
		{EE58B370-3F24-4AD0-B34E-EC3505081027}.Debug|Any CPU.ActiveCfg = Debug|Any CPU
		{EE58B370-3F24-4AD0-B34E-EC3505081027}.Debug|Any CPU.Build.0 = Debug|Any CPU
		{EE58B370-3F24-4AD0-B34E-EC3505081027}.Release|Any CPU.ActiveCfg = Release|Any CPU
		{EE58B370-3F24-4AD0-B34E-EC3505081027}.Release|Any CPU.Build.0 = Release|Any CPU
		{A2AAAE43-710A-4554-AFA4-57D0C63DE693}.Debug|Any CPU.ActiveCfg = Debug|Any CPU
		{A2AAAE43-710A-4554-AFA4-57D0C63DE693}.Debug|Any CPU.Build.0 = Debug|Any CPU
		{A2AAAE43-710A-4554-AFA4-57D0C63DE693}.Release|Any CPU.ActiveCfg = Release|Any CPU
		{A2AAAE43-710A-4554-AFA4-57D0C63DE693}.Release|Any CPU.Build.0 = Release|Any CPU
		{B349CF1C-3886-4D4D-A9F0-370ADF2E451A}.Debug|Any CPU.ActiveCfg = Debug|Any CPU
		{B349CF1C-3886-4D4D-A9F0-370ADF2E451A}.Debug|Any CPU.Build.0 = Debug|Any CPU
		{B349CF1C-3886-4D4D-A9F0-370ADF2E451A}.Release|Any CPU.ActiveCfg = Release|Any CPU
		{B349CF1C-3886-4D4D-A9F0-370ADF2E451A}.Release|Any CPU.Build.0 = Release|Any CPU
		{BAABA0A7-A176-47FD-81F9-8A9B2303F538}.Debug|Any CPU.ActiveCfg = Debug|Any CPU
		{BAABA0A7-A176-47FD-81F9-8A9B2303F538}.Debug|Any CPU.Build.0 = Debug|Any CPU
		{BAABA0A7-A176-47FD-81F9-8A9B2303F538}.Release|Any CPU.ActiveCfg = Release|Any CPU
		{BAABA0A7-A176-47FD-81F9-8A9B2303F538}.Release|Any CPU.Build.0 = Release|Any CPU
		{53BCB89B-346E-4E7A-A7E4-2C837319D19F}.Debug|Any CPU.ActiveCfg = Debug|Any CPU
		{53BCB89B-346E-4E7A-A7E4-2C837319D19F}.Debug|Any CPU.Build.0 = Debug|Any CPU
		{53BCB89B-346E-4E7A-A7E4-2C837319D19F}.Release|Any CPU.ActiveCfg = Release|Any CPU
		{53BCB89B-346E-4E7A-A7E4-2C837319D19F}.Release|Any CPU.Build.0 = Release|Any CPU
		{823FF4D0-FD8C-44CD-951F-4F0F5A486CB6}.Debug|Any CPU.ActiveCfg = Debug|Any CPU
		{823FF4D0-FD8C-44CD-951F-4F0F5A486CB6}.Debug|Any CPU.Build.0 = Debug|Any CPU
		{823FF4D0-FD8C-44CD-951F-4F0F5A486CB6}.Release|Any CPU.ActiveCfg = Release|Any CPU
		{823FF4D0-FD8C-44CD-951F-4F0F5A486CB6}.Release|Any CPU.Build.0 = Release|Any CPU
		{1C317B83-6661-4EA7-8EE9-C056019EF289}.Debug|Any CPU.ActiveCfg = Debug|Any CPU
		{1C317B83-6661-4EA7-8EE9-C056019EF289}.Debug|Any CPU.Build.0 = Debug|Any CPU
		{1C317B83-6661-4EA7-8EE9-C056019EF289}.Release|Any CPU.ActiveCfg = Release|Any CPU
		{1C317B83-6661-4EA7-8EE9-C056019EF289}.Release|Any CPU.Build.0 = Release|Any CPU
		{A765244B-A1FA-4C97-9F69-776DF937AE82}.Debug|Any CPU.ActiveCfg = Debug|Any CPU
		{A765244B-A1FA-4C97-9F69-776DF937AE82}.Debug|Any CPU.Build.0 = Debug|Any CPU
		{A765244B-A1FA-4C97-9F69-776DF937AE82}.Release|Any CPU.ActiveCfg = Release|Any CPU
		{A765244B-A1FA-4C97-9F69-776DF937AE82}.Release|Any CPU.Build.0 = Release|Any CPU
		{2B7F0D10-9BB2-4205-80FF-9D171E15A242}.Debug|Any CPU.ActiveCfg = Debug|Any CPU
		{2B7F0D10-9BB2-4205-80FF-9D171E15A242}.Debug|Any CPU.Build.0 = Debug|Any CPU
		{2B7F0D10-9BB2-4205-80FF-9D171E15A242}.Release|Any CPU.ActiveCfg = Release|Any CPU
		{2B7F0D10-9BB2-4205-80FF-9D171E15A242}.Release|Any CPU.Build.0 = Release|Any CPU
		{25AB1D2B-213E-4D06-AF08-C721C331A851}.Debug|Any CPU.ActiveCfg = Debug|Any CPU
		{25AB1D2B-213E-4D06-AF08-C721C331A851}.Debug|Any CPU.Build.0 = Debug|Any CPU
		{25AB1D2B-213E-4D06-AF08-C721C331A851}.Release|Any CPU.ActiveCfg = Release|Any CPU
		{25AB1D2B-213E-4D06-AF08-C721C331A851}.Release|Any CPU.Build.0 = Release|Any CPU
		{0AE98558-BF97-46FB-939A-554F12859E47}.Debug|Any CPU.ActiveCfg = Debug|Any CPU
		{0AE98558-BF97-46FB-939A-554F12859E47}.Debug|Any CPU.Build.0 = Debug|Any CPU
		{0AE98558-BF97-46FB-939A-554F12859E47}.Release|Any CPU.ActiveCfg = Release|Any CPU
		{0AE98558-BF97-46FB-939A-554F12859E47}.Release|Any CPU.Build.0 = Release|Any CPU
		{C192F844-8DE1-451B-95C3-BCE04D32DC83}.Debug|Any CPU.ActiveCfg = Debug|Any CPU
		{C192F844-8DE1-451B-95C3-BCE04D32DC83}.Debug|Any CPU.Build.0 = Debug|Any CPU
		{C192F844-8DE1-451B-95C3-BCE04D32DC83}.Release|Any CPU.ActiveCfg = Release|Any CPU
		{C192F844-8DE1-451B-95C3-BCE04D32DC83}.Release|Any CPU.Build.0 = Release|Any CPU
		{5C5F9B2E-896F-447D-A9AD-17B42FE4F4B5}.Debug|Any CPU.ActiveCfg = Debug|Any CPU
		{5C5F9B2E-896F-447D-A9AD-17B42FE4F4B5}.Debug|Any CPU.Build.0 = Debug|Any CPU
		{5C5F9B2E-896F-447D-A9AD-17B42FE4F4B5}.Release|Any CPU.ActiveCfg = Release|Any CPU
		{5C5F9B2E-896F-447D-A9AD-17B42FE4F4B5}.Release|Any CPU.Build.0 = Release|Any CPU
		{2CEAA77B-9CBC-43B3-80AE-38EEC7E51CE6}.Debug|Any CPU.ActiveCfg = Debug|Any CPU
		{2CEAA77B-9CBC-43B3-80AE-38EEC7E51CE6}.Debug|Any CPU.Build.0 = Debug|Any CPU
		{2CEAA77B-9CBC-43B3-80AE-38EEC7E51CE6}.Release|Any CPU.ActiveCfg = Release|Any CPU
		{2CEAA77B-9CBC-43B3-80AE-38EEC7E51CE6}.Release|Any CPU.Build.0 = Release|Any CPU
	EndGlobalSection
	GlobalSection(SolutionProperties) = preSolution
		HideSolutionNode = FALSE
	EndGlobalSection
	GlobalSection(NestedProjects) = preSolution
		{82FFAFCF-946F-44C1-8D93-36F4F3A4C8D2} = {BD059454-F788-4D29-A24C-DED3DBBE48A7}
		{CF208E03-D3ED-47CD-81D1-CFEE0162F85B} = {BD059454-F788-4D29-A24C-DED3DBBE48A7}
		{EE58B370-3F24-4AD0-B34E-EC3505081027} = {82FFAFCF-946F-44C1-8D93-36F4F3A4C8D2}
		{A2AAAE43-710A-4554-AFA4-57D0C63DE693} = {82FFAFCF-946F-44C1-8D93-36F4F3A4C8D2}
		{B349CF1C-3886-4D4D-A9F0-370ADF2E451A} = {82FFAFCF-946F-44C1-8D93-36F4F3A4C8D2}
		{BAABA0A7-A176-47FD-81F9-8A9B2303F538} = {CF208E03-D3ED-47CD-81D1-CFEE0162F85B}
		{2C9204B1-7A56-4C1F-AC60-D8154F00B26E} = {6AFD30F3-467A-4EFD-9051-E8A42D9EF9D2}
		{B852F816-469B-4711-97B5-407C7869C845} = {6AFD30F3-467A-4EFD-9051-E8A42D9EF9D2}
		{DF661BCC-8A7A-46AE-B1EB-F7309687C0C2} = {C947BB7E-1F11-4CB6-9B8C-91EECD87A245}
		{53BCB89B-346E-4E7A-A7E4-2C837319D19F} = {DF661BCC-8A7A-46AE-B1EB-F7309687C0C2}
		{823FF4D0-FD8C-44CD-951F-4F0F5A486CB6} = {2F27DBEC-E6F8-401A-80CE-185FC1655143}
		{1C317B83-6661-4EA7-8EE9-C056019EF289} = {82FFAFCF-946F-44C1-8D93-36F4F3A4C8D2}
		{A765244B-A1FA-4C97-9F69-776DF937AE82} = {82FFAFCF-946F-44C1-8D93-36F4F3A4C8D2}
		{2B7F0D10-9BB2-4205-80FF-9D171E15A242} = {82FFAFCF-946F-44C1-8D93-36F4F3A4C8D2}
		{25AB1D2B-213E-4D06-AF08-C721C331A851} = {82FFAFCF-946F-44C1-8D93-36F4F3A4C8D2}
		{0AE98558-BF97-46FB-939A-554F12859E47} = {CF208E03-D3ED-47CD-81D1-CFEE0162F85B}
		{C25FDE7D-D1C7-425C-8AC2-755A7DAAD569} = {C947BB7E-1F11-4CB6-9B8C-91EECD87A245}
		{385B3DD5-2D87-44BE-BA2E-AFC084584070} = {D03A10AE-4BD8-4650-8FDE-6BD8F397EB6D}
		{C192F844-8DE1-451B-95C3-BCE04D32DC83} = {385B3DD5-2D87-44BE-BA2E-AFC084584070}
		{5C5F9B2E-896F-447D-A9AD-17B42FE4F4B5} = {385B3DD5-2D87-44BE-BA2E-AFC084584070}
		{0EA5686F-F15A-4F94-AE5F-5360816BB2CE} = {D03A10AE-4BD8-4650-8FDE-6BD8F397EB6D}
		{2CEAA77B-9CBC-43B3-80AE-38EEC7E51CE6} = {0EA5686F-F15A-4F94-AE5F-5360816BB2CE}
	EndGlobalSection
	GlobalSection(ExtensibilityGlobals) = postSolution
		SolutionGuid = {0F587936-733F-4B9A-8B37-2D54C0009FC2}
	EndGlobalSection
EndGlobal
